{
  "name": "mm-flextime-microsite",
  "version": "2.6.3",
  "lockfileVersion": 3,
  "requires": true,
  "packages": {
    "": {
      "name": "mm-flextime-microsite",
      "version": "2.6.3",
      "license": "MIT",
      "dependencies": {
        "dotenv": "^17.2.3"
      }
    },
    "node_modules/dotenv": {
      "version": "17.2.3",
      "license": "BSD-2-Clause",
      "engines": {
        "node": ">=12"
      },
      "funding": {
        "url": "https://dotenvx.com"
      }
    }
  }
}
